
Microsoft Visual Studio Solution File, Format Version 12.00
# Visual Studio 15
VisualStudioVersion = 15.0.26430.15
MinimumVisualStudioVersion = 10.0.40219.1
Project("{FAE04EC0-301F-11D3-BF4B-00C04F79EFBC}") = "PSOO.App", "PSOO.App\PSOO.App.csproj", "{1F3D35CB-4F9C-4CC1-A6B9-0E5C9A4FF485}"
EndProject
Project("{FAE04EC0-301F-11D3-BF4B-00C04F79EFBC}") = "PSOO.Dominio", "PSOO.Dominio\PSOO.Dominio.csproj", "{3D96D3FC-434D-4759-8FFD-E6B6EC7BD82A}"
EndProject
Project("{FAE04EC0-301F-11D3-BF4B-00C04F79EFBC}") = "PSOO.IDAO", "PSOO.IDAO\PSOO.IDAO.csproj", "{4328C970-C1C0-4071-8351-22A927C272DD}"
EndProject
Project("{FAE04EC0-301F-11D3-BF4B-00C04F79EFBC}") = "PSOO.DAO", "PSOO.DAO\PSOO.DAO.csproj", "{3A22BCBD-82E3-473B-BEDA-5A0DDE11ACE5}"
EndProject
Project("{FAE04EC0-301F-11D3-BF4B-00C04F79EFBC}") = "PSOO.Servico", "PSOO.Servico\PSOO.Servico.csproj", "{5E3F671F-6539-4755-9E6F-F5D664617E2D}"
EndProject
Project("{FAE04EC0-301F-11D3-BF4B-00C04F79EFBC}") = "PSOO.WebApi", "PSOO.WebApi\PSOO.WebApi.csproj", "{7209FA9C-C3BD-453A-870D-85F43EAEE4A3}"
EndProject
Project("{2150E333-8FDC-42A3-9474-1A3956D46DE8}") = "Persistencia", "Persistencia", "{6BFE78A4-8739-4C7B-A143-D8BB6E90E2E7}"
EndProject
Global
	GlobalSection(SolutionConfigurationPlatforms) = preSolution
		Debug|Any CPU = Debug|Any CPU
		Release|Any CPU = Release|Any CPU
	EndGlobalSection
	GlobalSection(ProjectConfigurationPlatforms) = postSolution
		{1F3D35CB-4F9C-4CC1-A6B9-0E5C9A4FF485}.Debug|Any CPU.ActiveCfg = Debug|Any CPU
		{1F3D35CB-4F9C-4CC1-A6B9-0E5C9A4FF485}.Debug|Any CPU.Build.0 = Debug|Any CPU
		{1F3D35CB-4F9C-4CC1-A6B9-0E5C9A4FF485}.Debug|Any CPU.Deploy.0 = Debug|Any CPU
		{1F3D35CB-4F9C-4CC1-A6B9-0E5C9A4FF485}.Release|Any CPU.ActiveCfg = Release|Any CPU
		{1F3D35CB-4F9C-4CC1-A6B9-0E5C9A4FF485}.Release|Any CPU.Build.0 = Release|Any CPU
		{1F3D35CB-4F9C-4CC1-A6B9-0E5C9A4FF485}.Release|Any CPU.Deploy.0 = Release|Any CPU
		{3D96D3FC-434D-4759-8FFD-E6B6EC7BD82A}.Debug|Any CPU.ActiveCfg = Debug|Any CPU
		{3D96D3FC-434D-4759-8FFD-E6B6EC7BD82A}.Debug|Any CPU.Build.0 = Debug|Any CPU
		{3D96D3FC-434D-4759-8FFD-E6B6EC7BD82A}.Release|Any CPU.ActiveCfg = Release|Any CPU
		{3D96D3FC-434D-4759-8FFD-E6B6EC7BD82A}.Release|Any CPU.Build.0 = Release|Any CPU
		{4328C970-C1C0-4071-8351-22A927C272DD}.Debug|Any CPU.ActiveCfg = Debug|Any CPU
		{4328C970-C1C0-4071-8351-22A927C272DD}.Debug|Any CPU.Build.0 = Debug|Any CPU
		{4328C970-C1C0-4071-8351-22A927C272DD}.Release|Any CPU.ActiveCfg = Release|Any CPU
		{4328C970-C1C0-4071-8351-22A927C272DD}.Release|Any CPU.Build.0 = Release|Any CPU
		{3A22BCBD-82E3-473B-BEDA-5A0DDE11ACE5}.Debug|Any CPU.ActiveCfg = Debug|Any CPU
		{3A22BCBD-82E3-473B-BEDA-5A0DDE11ACE5}.Debug|Any CPU.Build.0 = Debug|Any CPU
		{3A22BCBD-82E3-473B-BEDA-5A0DDE11ACE5}.Release|Any CPU.ActiveCfg = Release|Any CPU
		{3A22BCBD-82E3-473B-BEDA-5A0DDE11ACE5}.Release|Any CPU.Build.0 = Release|Any CPU
		{5E3F671F-6539-4755-9E6F-F5D664617E2D}.Debug|Any CPU.ActiveCfg = Debug|Any CPU
		{5E3F671F-6539-4755-9E6F-F5D664617E2D}.Debug|Any CPU.Build.0 = Debug|Any CPU
		{5E3F671F-6539-4755-9E6F-F5D664617E2D}.Release|Any CPU.ActiveCfg = Release|Any CPU
		{5E3F671F-6539-4755-9E6F-F5D664617E2D}.Release|Any CPU.Build.0 = Release|Any CPU
		{7209FA9C-C3BD-453A-870D-85F43EAEE4A3}.Debug|Any CPU.ActiveCfg = Debug|Any CPU
		{7209FA9C-C3BD-453A-870D-85F43EAEE4A3}.Debug|Any CPU.Build.0 = Debug|Any CPU
		{7209FA9C-C3BD-453A-870D-85F43EAEE4A3}.Release|Any CPU.ActiveCfg = Release|Any CPU
		{7209FA9C-C3BD-453A-870D-85F43EAEE4A3}.Release|Any CPU.Build.0 = Release|Any CPU
	EndGlobalSection
	GlobalSection(SolutionProperties) = preSolution
		HideSolutionNode = FALSE
	EndGlobalSection
	GlobalSection(NestedProjects) = preSolution
		{3D96D3FC-434D-4759-8FFD-E6B6EC7BD82A} = {6BFE78A4-8739-4C7B-A143-D8BB6E90E2E7}
		{4328C970-C1C0-4071-8351-22A927C272DD} = {6BFE78A4-8739-4C7B-A143-D8BB6E90E2E7}
		{3A22BCBD-82E3-473B-BEDA-5A0DDE11ACE5} = {6BFE78A4-8739-4C7B-A143-D8BB6E90E2E7}
		{5E3F671F-6539-4755-9E6F-F5D664617E2D} = {6BFE78A4-8739-4C7B-A143-D8BB6E90E2E7}
	EndGlobalSection
EndGlobal
